
Microsoft Visual Studio Solution File, Format Version 12.00
# Visual Studio Version 17
VisualStudioVersion = 17.8.34511.84
MinimumVisualStudioVersion = 10.0.40219.1
Project("{FAE04EC0-301F-11D3-BF4B-00C04F79EFBC}") = "Enum_Struct_Sealed", "Enum_Struct_Sealed\Enum_Struct_Sealed.csproj", "{1CA70F5B-F3C6-4A61-AFAA-A45E95FFDECC}"
EndProject
Global
	GlobalSection(SolutionConfigurationPlatforms) = preSolution
		Debug|Any CPU = Debug|Any CPU
		Release|Any CPU = Release|Any CPU
	EndGlobalSection
	GlobalSection(ProjectConfigurationPlatforms) = postSolution
		{1CA70F5B-F3C6-4A61-AFAA-A45E95FFDECC}.Debug|Any CPU.ActiveCfg = Debug|Any CPU
		{1CA70F5B-F3C6-4A61-AFAA-A45E95FFDECC}.Debug|Any CPU.Build.0 = Debug|Any CPU
		{1CA70F5B-F3C6-4A61-AFAA-A45E95FFDECC}.Release|Any CPU.ActiveCfg = Release|Any CPU
		{1CA70F5B-F3C6-4A61-AFAA-A45E95FFDECC}.Release|Any CPU.Build.0 = Release|Any CPU
	EndGlobalSection
	GlobalSection(SolutionProperties) = preSolution
		HideSolutionNode = FALSE
	EndGlobalSection
	GlobalSection(ExtensibilityGlobals) = postSolution
		SolutionGuid = {0F0C4E2F-143E-4BFF-88C5-8EF08E97228F}
	EndGlobalSection
EndGlobal
